
Microsoft Visual Studio Solution File, Format Version 12.00
# Visual Studio Version 17
VisualStudioVersion = 17.13.35931.197 d17.13
MinimumVisualStudioVersion = 10.0.40219.1
Project("{FAE04EC0-301F-11D3-BF4B-00C04F79EFBC}") = "kockasfuzet", "kockasfuzet\kockasfuzet.csproj", "{C5E23F45-EB28-4EE2-9190-8B6794C61E90}"
EndProject
Global
	GlobalSection(SolutionConfigurationPlatforms) = preSolution
		Debug|Any CPU = Debug|Any CPU
		Release|Any CPU = Release|Any CPU
	EndGlobalSection
	GlobalSection(ProjectConfigurationPlatforms) = postSolution
		{C5E23F45-EB28-4EE2-9190-8B6794C61E90}.Debug|Any CPU.ActiveCfg = Debug|Any CPU
		{C5E23F45-EB28-4EE2-9190-8B6794C61E90}.Debug|Any CPU.Build.0 = Debug|Any CPU
		{C5E23F45-EB28-4EE2-9190-8B6794C61E90}.Release|Any CPU.ActiveCfg = Release|Any CPU
		{C5E23F45-EB28-4EE2-9190-8B6794C61E90}.Release|Any CPU.Build.0 = Release|Any CPU
	EndGlobalSection
	GlobalSection(SolutionProperties) = preSolution
		HideSolutionNode = FALSE
	EndGlobalSection
	GlobalSection(ExtensibilityGlobals) = postSolution
		SolutionGuid = {CA2AC4A0-5D73-4F93-8C40-CC16A24881D5}
	EndGlobalSection
EndGlobal
